
Microsoft Visual Studio Solution File, Format Version 12.00
# Visual Studio Version 17
VisualStudioVersion = 17.9.34723.18
MinimumVisualStudioVersion = 10.0.40219.1
Project("{FAE04EC0-301F-11D3-BF4B-00C04F79EFBC}") = "anka", "anka\anka.csproj", "{1F9A35D2-9FD3-4143-AFB7-A97C8466AB3C}"
EndProject
Project("{2150E333-8FDC-42A3-9474-1A3956D46DE8}") = "Элементы решения", "Элементы решения", "{98F0CA70-9CE1-4A62-8ACC-ED736F5148CF}"
	ProjectSection(SolutionItems) = preProject
		.gitignore = .gitignore
		TextFile1.txt = TextFile1.txt
	EndProjectSection
EndProject
Global
	GlobalSection(SolutionConfigurationPlatforms) = preSolution
		Debug|Any CPU = Debug|Any CPU
		Release|Any CPU = Release|Any CPU
	EndGlobalSection
	GlobalSection(ProjectConfigurationPlatforms) = postSolution
		{1F9A35D2-9FD3-4143-AFB7-A97C8466AB3C}.Debug|Any CPU.ActiveCfg = Debug|Any CPU
		{1F9A35D2-9FD3-4143-AFB7-A97C8466AB3C}.Debug|Any CPU.Build.0 = Debug|Any CPU
		{1F9A35D2-9FD3-4143-AFB7-A97C8466AB3C}.Release|Any CPU.ActiveCfg = Release|Any CPU
		{1F9A35D2-9FD3-4143-AFB7-A97C8466AB3C}.Release|Any CPU.Build.0 = Release|Any CPU
	EndGlobalSection
	GlobalSection(SolutionProperties) = preSolution
		HideSolutionNode = FALSE
	EndGlobalSection
	GlobalSection(ExtensibilityGlobals) = postSolution
		SolutionGuid = {E90EA826-F383-44E8-8FF0-E8A87EFBC063}
	EndGlobalSection
EndGlobal
